
Microsoft Visual Studio Solution File, Format Version 12.00
# Visual Studio 2013
VisualStudioVersion = 12.0.31101.0
MinimumVisualStudioVersion = 10.0.40219.1
Project("{00D1A9C2-B5F0-4AF3-8072-F6C62B433612}") = "RegexWrapper", "RegexWrapper\RegexWrapper.sqlproj", "{4636C54D-1134-4F40-A8E6-202A2AD239E0}"
EndProject
Global
	GlobalSection(SolutionConfigurationPlatforms) = preSolution
		Debug|Any CPU = Debug|Any CPU
		Release|Any CPU = Release|Any CPU
	EndGlobalSection
	GlobalSection(ProjectConfigurationPlatforms) = postSolution
		{4636C54D-1134-4F40-A8E6-202A2AD239E0}.Debug|Any CPU.ActiveCfg = Debug|Any CPU
		{4636C54D-1134-4F40-A8E6-202A2AD239E0}.Debug|Any CPU.Build.0 = Debug|Any CPU
		{4636C54D-1134-4F40-A8E6-202A2AD239E0}.Debug|Any CPU.Deploy.0 = Debug|Any CPU
		{4636C54D-1134-4F40-A8E6-202A2AD239E0}.Release|Any CPU.ActiveCfg = Release|Any CPU
		{4636C54D-1134-4F40-A8E6-202A2AD239E0}.Release|Any CPU.Build.0 = Release|Any CPU
		{4636C54D-1134-4F40-A8E6-202A2AD239E0}.Release|Any CPU.Deploy.0 = Release|Any CPU
	EndGlobalSection
	GlobalSection(SolutionProperties) = preSolution
		HideSolutionNode = FALSE
	EndGlobalSection
EndGlobal
